
Microsoft Visual Studio Solution File, Format Version 12.00
# Visual Studio Version 17
VisualStudioVersion = 17.9.34902.65
MinimumVisualStudioVersion = 10.0.40219.1
Project("{FAE04EC0-301F-11D3-BF4B-00C04F79EFBC}") = "MauiApp7", "MauiApp7.csproj", "{F662D06C-153C-4971-A910-1E5623E5B2C9}"
EndProject
Global
	GlobalSection(SolutionConfigurationPlatforms) = preSolution
		Debug|Any CPU = Debug|Any CPU
		Release|Any CPU = Release|Any CPU
	EndGlobalSection
	GlobalSection(ProjectConfigurationPlatforms) = postSolution
		{F662D06C-153C-4971-A910-1E5623E5B2C9}.Debug|Any CPU.ActiveCfg = Debug|Any CPU
		{F662D06C-153C-4971-A910-1E5623E5B2C9}.Debug|Any CPU.Build.0 = Debug|Any CPU
		{F662D06C-153C-4971-A910-1E5623E5B2C9}.Debug|Any CPU.Deploy.0 = Debug|Any CPU
		{F662D06C-153C-4971-A910-1E5623E5B2C9}.Release|Any CPU.ActiveCfg = Release|Any CPU
		{F662D06C-153C-4971-A910-1E5623E5B2C9}.Release|Any CPU.Build.0 = Release|Any CPU
		{F662D06C-153C-4971-A910-1E5623E5B2C9}.Release|Any CPU.Deploy.0 = Release|Any CPU
	EndGlobalSection
	GlobalSection(SolutionProperties) = preSolution
		HideSolutionNode = FALSE
	EndGlobalSection
	GlobalSection(ExtensibilityGlobals) = postSolution
		SolutionGuid = {47BC2D73-6A4C-4205-8AC0-64809EC4C357}
	EndGlobalSection
EndGlobal
