
Microsoft Visual Studio Solution File, Format Version 12.00
# Visual Studio Version 17
VisualStudioVersion = 17.9.34902.65
MinimumVisualStudioVersion = 10.0.40219.1
Project("{FAE04EC0-301F-11D3-BF4B-00C04F79EFBC}") = "MauiApp5", "MauiApp5.csproj", "{CA50C122-FEC1-4584-86A7-DDFCCE41252A}"
EndProject
Global
	GlobalSection(SolutionConfigurationPlatforms) = preSolution
		Debug|Any CPU = Debug|Any CPU
		Release|Any CPU = Release|Any CPU
	EndGlobalSection
	GlobalSection(ProjectConfigurationPlatforms) = postSolution
		{CA50C122-FEC1-4584-86A7-DDFCCE41252A}.Debug|Any CPU.ActiveCfg = Debug|Any CPU
		{CA50C122-FEC1-4584-86A7-DDFCCE41252A}.Debug|Any CPU.Build.0 = Debug|Any CPU
		{CA50C122-FEC1-4584-86A7-DDFCCE41252A}.Debug|Any CPU.Deploy.0 = Debug|Any CPU
		{CA50C122-FEC1-4584-86A7-DDFCCE41252A}.Release|Any CPU.ActiveCfg = Release|Any CPU
		{CA50C122-FEC1-4584-86A7-DDFCCE41252A}.Release|Any CPU.Build.0 = Release|Any CPU
		{CA50C122-FEC1-4584-86A7-DDFCCE41252A}.Release|Any CPU.Deploy.0 = Release|Any CPU
	EndGlobalSection
	GlobalSection(SolutionProperties) = preSolution
		HideSolutionNode = FALSE
	EndGlobalSection
	GlobalSection(ExtensibilityGlobals) = postSolution
		SolutionGuid = {FBE68F36-1B77-4971-BB7B-EA313AA4DBFE}
	EndGlobalSection
EndGlobal
