
Microsoft Visual Studio Solution File, Format Version 12.00
# Visual Studio Version 17
VisualStudioVersion = 17.9.34902.65
MinimumVisualStudioVersion = 10.0.40219.1
Project("{9A19103F-16F7-4668-BE54-9A1E7A4F7556}") = "MauiApp2", "MauiApp2\MauiApp2.csproj", "{D0BA2C1D-EBEF-4C08-B7E0-1483E0B3A57A}"
EndProject
Project("{2150E333-8FDC-42A3-9474-1A3956D46DE8}") = "Solution Items", "Solution Items", "{06E41FF4-841B-4D45-B88F-35848FDCF6BF}"
EndProject
Global
	GlobalSection(SolutionConfigurationPlatforms) = preSolution
		Debug|Any CPU = Debug|Any CPU
		Release|Any CPU = Release|Any CPU
	EndGlobalSection
	GlobalSection(ProjectConfigurationPlatforms) = postSolution
		{D0BA2C1D-EBEF-4C08-B7E0-1483E0B3A57A}.Debug|Any CPU.ActiveCfg = Debug|Any CPU
		{D0BA2C1D-EBEF-4C08-B7E0-1483E0B3A57A}.Debug|Any CPU.Build.0 = Debug|Any CPU
		{D0BA2C1D-EBEF-4C08-B7E0-1483E0B3A57A}.Debug|Any CPU.Deploy.0 = Debug|Any CPU
		{D0BA2C1D-EBEF-4C08-B7E0-1483E0B3A57A}.Release|Any CPU.ActiveCfg = Release|Any CPU
		{D0BA2C1D-EBEF-4C08-B7E0-1483E0B3A57A}.Release|Any CPU.Build.0 = Release|Any CPU
		{D0BA2C1D-EBEF-4C08-B7E0-1483E0B3A57A}.Release|Any CPU.Deploy.0 = Release|Any CPU
	EndGlobalSection
	GlobalSection(SolutionProperties) = preSolution
		HideSolutionNode = FALSE
	EndGlobalSection
	GlobalSection(ExtensibilityGlobals) = postSolution
		SolutionGuid = {B46BB4CC-B139-448A-9F79-E4B947F5DB95}
	EndGlobalSection
EndGlobal
